{
  "version": 4,
  "terraform_version": "1.9.2",
  "serial": 1,
  "lineage": "0ba48728-1c1b-2808-6e22-5e2c927f848b",
  "outputs": {},
  "resources": [
    {
      "mode": "managed",
      "type": "spotify_playlist",
      "name": "TerrafromPlaylist",
      "provider": "provider[\"registry.terraform.io/conradludgate/spotify\"]",
      "instances": [
        {
          "status": "tainted",
          "schema_version": 0,
          "attributes": {
            "description": "My playlist made using Terraform",
            "id": "5R6Ipki5QALBV1vCzGtftT",
            "name": "Terrafrom Playlist",
            "public": false,
            "snapshot_id": null,
            "tracks": [
              "51eSHglvG1RJXtL3qI5trr?si=d720c1a9c3954d2b",
              "3xkHsmpQCBMytMJNiDf3Ii?si=20a1d00e0a284116"
            ]
          },
          "sensitive_attributes": [],
          "private": "bnVsbA=="
        }
      ]
    }
  ],
  "check_results": null
}
